{
  "pins" : [
    {
      "identity" : "swift-json",
      "kind" : "remoteSourceControl",
      "location" : "https://github.com/sutext/swift-json",
      "state" : {
        "revision" : "750a00d537e21f42b29d2bdfe9ec95b91feb96df",
        "version" : "2.4.0"
      }
    },
    {
      "identity" : "swift-promise",
      "kind" : "remoteSourceControl",
      "location" : "https://github.com/sutext/swift-promise",
      "state" : {
        "revision" : "a40b8d605aa55c74ec1631daad7a59a5ce5fb075",
        "version" : "2.0.2"
      }
    }
  ],
  "version" : 2
}
