{
  "pins" : [
    {
      "identity" : "swift-json",
      "kind" : "remoteSourceControl",
      "location" : "https://github.com/sutext/swift-json",
      "state" : {
        "revision" : "c7a1c51d73d81db701af80ac505928faeb459510",
        "version" : "2.0.1"
      }
    },
    {
      "identity" : "swift-promise",
      "kind" : "remoteSourceControl",
      "location" : "https://github.com/sutext/swift-promise",
      "state" : {
        "revision" : "553a174fa9b482177f5e8f3737952aecde061c66",
        "version" : "2.0.0"
      }
    }
  ],
  "version" : 2
}
